
Microsoft Visual Studio Solution File, Format Version 12.00
# Visual Studio Version 16
VisualStudioVersion = 16.0.29911.98
MinimumVisualStudioVersion = 10.0.40219.1
Project("{9A19103F-16F7-4668-BE54-9A1E7A4F7556}") = "RomanNumerals", "RomanNumerals\RomanNumerals.csproj", "{3A0E562B-4A07-4056-896D-45A091B5BA40}"
EndProject
Project("{FAE04EC0-301F-11D3-BF4B-00C04F79EFBC}") = "RomanNumerals.GUI", "RomanNumerals.GUI\RomanNumerals.GUI.csproj", "{ADEEFEF0-F7D8-47E0-AA53-BE2824833011}"
EndProject
Global
	GlobalSection(SolutionConfigurationPlatforms) = preSolution
		Debug|Any CPU = Debug|Any CPU
		Release|Any CPU = Release|Any CPU
	EndGlobalSection
	GlobalSection(ProjectConfigurationPlatforms) = postSolution
		{3A0E562B-4A07-4056-896D-45A091B5BA40}.Debug|Any CPU.ActiveCfg = Debug|Any CPU
		{3A0E562B-4A07-4056-896D-45A091B5BA40}.Debug|Any CPU.Build.0 = Debug|Any CPU
		{3A0E562B-4A07-4056-896D-45A091B5BA40}.Release|Any CPU.ActiveCfg = Release|Any CPU
		{3A0E562B-4A07-4056-896D-45A091B5BA40}.Release|Any CPU.Build.0 = Release|Any CPU
		{ADEEFEF0-F7D8-47E0-AA53-BE2824833011}.Debug|Any CPU.ActiveCfg = Debug|Any CPU
		{ADEEFEF0-F7D8-47E0-AA53-BE2824833011}.Debug|Any CPU.Build.0 = Debug|Any CPU
		{ADEEFEF0-F7D8-47E0-AA53-BE2824833011}.Release|Any CPU.ActiveCfg = Release|Any CPU
		{ADEEFEF0-F7D8-47E0-AA53-BE2824833011}.Release|Any CPU.Build.0 = Release|Any CPU
	EndGlobalSection
	GlobalSection(SolutionProperties) = preSolution
		HideSolutionNode = FALSE
	EndGlobalSection
	GlobalSection(ExtensibilityGlobals) = postSolution
		SolutionGuid = {93D1F902-36E6-48F7-B595-4AB46D958DC6}
	EndGlobalSection
EndGlobal
